// !$*UTF8*$!
{
	archiveVersion = 1;
	classes = {
	};
	objectVersion = 50;
	objects = {

/* Begin PBXBuildFile section */
		4539595620EAF42E0040CB7F /* AppDelegate.swift in Sources */ = {isa = PBXBuildFile; fileRef = 4539595520EAF42E0040CB7F /* AppDelegate.swift */; };
		4539595820EAF42E0040CB7F /* ViewController.swift in Sources */ = {isa = PBXBuildFile; fileRef = 4539595720EAF42E0040CB7F /* ViewController.swift */; };
		4539595B20EAF42E0040CB7F /* Main.storyboard in Resources */ = {isa = PBXBuildFile; fileRef = 4539595920EAF42E0040CB7F /* Main.storyboard */; };
		4539595D20EAF42F0040CB7F /* Assets.xcassets in Resources */ = {isa = PBXBuildFile; fileRef = 4539595C20EAF42F0040CB7F /* Assets.xcassets */; };
		4539596020EAF42F0040CB7F /* LaunchScreen.storyboard in Resources */ = {isa = PBXBuildFile; fileRef = 4539595E20EAF42F0040CB7F /* LaunchScreen.storyboard */; };
		4539596B20EAF42F0040CB7F /* FeaturesTests.swift in Sources */ = {isa = PBXBuildFile; fileRef = 4539596A20EAF42F0040CB7F /* FeaturesTests.swift */; };
		4539597620EAF42F0040CB7F /* FeaturesUITests.swift in Sources */ = {isa = PBXBuildFile; fileRef = 4539597520EAF42F0040CB7F /* FeaturesUITests.swift */; };
/* End PBXBuildFile section */

/* Begin PBXContainerItemProxy section */
		4539596720EAF42F0040CB7F /* PBXContainerItemProxy */ = {
			isa = PBXContainerItemProxy;
			containerPortal = 4539594A20EAF42E0040CB7F /* Project object */;
			proxyType = 1;
			remoteGlobalIDString = 4539595120EAF42E0040CB7F;
			remoteInfo = Features;
		};
		4539597220EAF42F0040CB7F /* PBXContainerItemProxy */ = {
			isa = PBXContainerItemProxy;
			containerPortal = 4539594A20EAF42E0040CB7F /* Project object */;
			proxyType = 1;
			remoteGlobalIDString = 4539595120EAF42E0040CB7F;
			remoteInfo = Features;
		};
/* End PBXContainerItemProxy section */

/* Begin PBXFileReference section */
		4539595220EAF42E0040CB7F /* Features.app */ = {isa = PBXFileReference; explicitFileType = wrapper.application; includeInIndex = 0; path = Features.app; sourceTree = BUILT_PRODUCTS_DIR; };
		4539595520EAF42E0040CB7F /* AppDelegate.swift */ = {isa = PBXFileReference; lastKnownFileType = sourcecode.swift; path = AppDelegate.swift; sourceTree = "<group>"; };
		4539595720EAF42E0040CB7F /* ViewController.swift */ = {isa = PBXFileReference; lastKnownFileType = sourcecode.swift; path = ViewController.swift; sourceTree = "<group>"; };
		4539595A20EAF42E0040CB7F /* Base */ = {isa = PBXFileReference; lastKnownFileType = file.storyboard; name = Base; path = Base.lproj/Main.storyboard; sourceTree = "<group>"; };
		4539595C20EAF42F0040CB7F /* Assets.xcassets */ = {isa = PBXFileReference; lastKnownFileType = folder.assetcatalog; path = Assets.xcassets; sourceTree = "<group>"; };
		4539595F20EAF42F0040CB7F /* Base */ = {isa = PBXFileReference; lastKnownFileType = file.storyboard; name = Base; path = Base.lproj/LaunchScreen.storyboard; sourceTree = "<group>"; };
		4539596120EAF42F0040CB7F /* Info.plist */ = {isa = PBXFileReference; lastKnownFileType = text.plist.xml; path = Info.plist; sourceTree = "<group>"; };
		4539596620EAF42F0040CB7F /* FeaturesTests.xctest */ = {isa = PBXFileReference; explicitFileType = wrapper.cfbundle; includeInIndex = 0; path = FeaturesTests.xctest; sourceTree = BUILT_PRODUCTS_DIR; };
		4539596A20EAF42F0040CB7F /* FeaturesTests.swift */ = {isa = PBXFileReference; lastKnownFileType = sourcecode.swift; path = FeaturesTests.swift; sourceTree = "<group>"; };
		4539596C20EAF42F0040CB7F /* Info.plist */ = {isa = PBXFileReference; lastKnownFileType = text.plist.xml; path = Info.plist; sourceTree = "<group>"; };
		4539597120EAF42F0040CB7F /* FeaturesUITests.xctest */ = {isa = PBXFileReference; explicitFileType = wrapper.cfbundle; includeInIndex = 0; path = FeaturesUITests.xctest; sourceTree = BUILT_PRODUCTS_DIR; };
		4539597520EAF42F0040CB7F /* FeaturesUITests.swift */ = {isa = PBXFileReference; lastKnownFileType = sourcecode.swift; path = FeaturesUITests.swift; sourceTree = "<group>"; };
		4539597720EAF42F0040CB7F /* Info.plist */ = {isa = PBXFileReference; lastKnownFileType = text.plist.xml; path = Info.plist; sourceTree = "<group>"; };
/* End PBXFileReference section */

/* Begin PBXFrameworksBuildPhase section */
		4539594F20EAF42E0040CB7F /* Frameworks */ = {
			isa = PBXFrameworksBuildPhase;
			buildActionMask = 2147483647;
			files = (
			);
			runOnlyForDeploymentPostprocessing = 0;
		};
		4539596320EAF42F0040CB7F /* Frameworks */ = {
			isa = PBXFrameworksBuildPhase;
			buildActionMask = 2147483647;
			files = (
			);
			runOnlyForDeploymentPostprocessing = 0;
		};
		4539596E20EAF42F0040CB7F /* Frameworks */ = {
			isa = PBXFrameworksBuildPhase;
			buildActionMask = 2147483647;
			files = (
			);
			runOnlyForDeploymentPostprocessing = 0;
		};
/* End PBXFrameworksBuildPhase section */

/* Begin PBXGroup section */
		4539594920EAF42E0040CB7F = {
			isa = PBXGroup;
			children = (
				4539595420EAF42E0040CB7F /* Features */,
				4539596920EAF42F0040CB7F /* FeaturesTests */,
				4539597420EAF42F0040CB7F /* FeaturesUITests */,
				4539595320EAF42E0040CB7F /* Products */,
			);
			sourceTree = "<group>";
		};
		4539595320EAF42E0040CB7F /* Products */ = {
			isa = PBXGroup;
			children = (
				4539595220EAF42E0040CB7F /* Features.app */,
				4539596620EAF42F0040CB7F /* FeaturesTests.xctest */,
				4539597120EAF42F0040CB7F /* FeaturesUITests.xctest */,
			);
			name = Products;
			sourceTree = "<group>";
		};
		4539595420EAF42E0040CB7F /* Features */ = {
			isa = PBXGroup;
			children = (
				4539595520EAF42E0040CB7F /* AppDelegate.swift */,
				4539595720EAF42E0040CB7F /* ViewController.swift */,
				4539595920EAF42E0040CB7F /* Main.storyboard */,
				4539595C20EAF42F0040CB7F /* Assets.xcassets */,
				4539595E20EAF42F0040CB7F /* LaunchScreen.storyboard */,
				4539596120EAF42F0040CB7F /* Info.plist */,
			);
			path = Features;
			sourceTree = "<group>";
		};
		4539596920EAF42F0040CB7F /* FeaturesTests */ = {
			isa = PBXGroup;
			children = (
				4539596A20EAF42F0040CB7F /* FeaturesTests.swift */,
				4539596C20EAF42F0040CB7F /* Info.plist */,
			);
			path = FeaturesTests;
			sourceTree = "<group>";
		};
		4539597420EAF42F0040CB7F /* FeaturesUITests */ = {
			isa = PBXGroup;
			children = (
				4539597520EAF42F0040CB7F /* FeaturesUITests.swift */,
				4539597720EAF42F0040CB7F /* Info.plist */,
			);
			path = FeaturesUITests;
			sourceTree = "<group>";
		};
/* End PBXGroup section */

/* Begin PBXNativeTarget section */
		4539595120EAF42E0040CB7F /* Features */ = {
			isa = PBXNativeTarget;
			buildConfigurationList = 4539597A20EAF42F0040CB7F /* Build configuration list for PBXNativeTarget "Features" */;
			buildPhases = (
				4539594E20EAF42E0040CB7F /* Sources */,
				4539594F20EAF42E0040CB7F /* Frameworks */,
				4539595020EAF42E0040CB7F /* Resources */,
			);
			buildRules = (
			);
			dependencies = (
			);
			name = Features;
			productName = Features;
			productReference = 4539595220EAF42E0040CB7F /* Features.app */;
			productType = "com.apple.product-type.application";
		};
		4539596520EAF42F0040CB7F /* FeaturesTests */ = {
			isa = PBXNativeTarget;
			buildConfigurationList = 4539597D20EAF42F0040CB7F /* Build configuration list for PBXNativeTarget "FeaturesTests" */;
			buildPhases = (
				4539596220EAF42F0040CB7F /* Sources */,
				4539596320EAF42F0040CB7F /* Frameworks */,
				4539596420EAF42F0040CB7F /* Resources */,
			);
			buildRules = (
			);
			dependencies = (
				4539596820EAF42F0040CB7F /* PBXTargetDependency */,
			);
			name = FeaturesTests;
			productName = FeaturesTests;
			productReference = 4539596620EAF42F0040CB7F /* FeaturesTests.xctest */;
			productType = "com.apple.product-type.bundle.unit-test";
		};
		4539597020EAF42F0040CB7F /* FeaturesUITests */ = {
			isa = PBXNativeTarget;
			buildConfigurationList = 4539598020EAF42F0040CB7F /* Build configuration list for PBXNativeTarget "FeaturesUITests" */;
			buildPhases = (
				4539596D20EAF42F0040CB7F /* Sources */,
				4539596E20EAF42F0040CB7F /* Frameworks */,
				4539596F20EAF42F0040CB7F /* Resources */,
			);
			buildRules = (
			);
			dependencies = (
				4539597320EAF42F0040CB7F /* PBXTargetDependency */,
			);
			name = FeaturesUITests;
			productName = FeaturesUITests;
			productReference = 4539597120EAF42F0040CB7F /* FeaturesUITests.xctest */;
			productType = "com.apple.product-type.bundle.ui-testing";
		};
/* End PBXNativeTarget section */

/* Begin PBXProject section */
		4539594A20EAF42E0040CB7F /* Project object */ = {
			isa = PBXProject;
			attributes = {
				LastSwiftUpdateCheck = 0940;
				LastUpgradeCheck = 0940;
				ORGANIZATIONNAME = "Austin Rath";
				TargetAttributes = {
					4539595120EAF42E0040CB7F = {
						CreatedOnToolsVersion = 9.4.1;
					};
					4539596520EAF42F0040CB7F = {
						CreatedOnToolsVersion = 9.4.1;
						TestTargetID = 4539595120EAF42E0040CB7F;
					};
					4539597020EAF42F0040CB7F = {
						CreatedOnToolsVersion = 9.4.1;
						TestTargetID = 4539595120EAF42E0040CB7F;
					};
				};
			};
			buildConfigurationList = 4539594D20EAF42E0040CB7F /* Build configuration list for PBXProject "Features" */;
			compatibilityVersion = "Xcode 9.3";
			developmentRegion = en;
			hasScannedForEncodings = 0;
			knownRegions = (
				en,
				Base,
			);
			mainGroup = 4539594920EAF42E0040CB7F;
			productRefGroup = 4539595320EAF42E0040CB7F /* Products */;
			projectDirPath = "";
			projectRoot = "";
			targets = (
				4539595120EAF42E0040CB7F /* Features */,
				4539596520EAF42F0040CB7F /* FeaturesTests */,
				4539597020EAF42F0040CB7F /* FeaturesUITests */,
			);
		};
/* End PBXProject section */

/* Begin PBXResourcesBuildPhase section */
		4539595020EAF42E0040CB7F /* Resources */ = {
			isa = PBXResourcesBuildPhase;
			buildActionMask = 2147483647;
			files = (
				4539596020EAF42F0040CB7F /* LaunchScreen.storyboard in Resources */,
				4539595D20EAF42F0040CB7F /* Assets.xcassets in Resources */,
				4539595B20EAF42E0040CB7F /* Main.storyboard in Resources */,
			);
			runOnlyForDeploymentPostprocessing = 0;
		};
		4539596420EAF42F0040CB7F /* Resources */ = {
			isa = PBXResourcesBuildPhase;
			buildActionMask = 2147483647;
			files = (
			);
			runOnlyForDeploymentPostprocessing = 0;
		};
		4539596F20EAF42F0040CB7F /* Resources */ = {
			isa = PBXResourcesBuildPhase;
			buildActionMask = 2147483647;
			files = (
			);
			runOnlyForDeploymentPostprocessing = 0;
		};
/* End PBXResourcesBuildPhase section */

/* Begin PBXSourcesBuildPhase section */
		4539594E20EAF42E0040CB7F /* Sources */ = {
			isa = PBXSourcesBuildPhase;
			buildActionMask = 2147483647;
			files = (
				4539595820EAF42E0040CB7F /* ViewController.swift in Sources */,
				4539595620EAF42E0040CB7F /* AppDelegate.swift in Sources */,
			);
			runOnlyForDeploymentPostprocessing = 0;
		};
		4539596220EAF42F0040CB7F /* Sources */ = {
			isa = PBXSourcesBuildPhase;
			buildActionMask = 2147483647;
			files = (
				4539596B20EAF42F0040CB7F /* FeaturesTests.swift in Sources */,
			);
			runOnlyForDeploymentPostprocessing = 0;
		};
		4539596D20EAF42F0040CB7F /* Sources */ = {
			isa = PBXSourcesBuildPhase;
			buildActionMask = 2147483647;
			files = (
				4539597620EAF42F0040CB7F /* FeaturesUITests.swift in Sources */,
			);
			runOnlyForDeploymentPostprocessing = 0;
		};
/* End PBXSourcesBuildPhase section */

/* Begin PBXTargetDependency section */
		4539596820EAF42F0040CB7F /* PBXTargetDependency */ = {
			isa = PBXTargetDependency;
			target = 4539595120EAF42E0040CB7F /* Features */;
			targetProxy = 4539596720EAF42F0040CB7F /* PBXContainerItemProxy */;
		};
		4539597320EAF42F0040CB7F /* PBXTargetDependency */ = {
			isa = PBXTargetDependency;
			target = 4539595120EAF42E0040CB7F /* Features */;
			targetProxy = 4539597220EAF42F0040CB7F /* PBXContainerItemProxy */;
		};
/* End PBXTargetDependency section */

/* Begin PBXVariantGroup section */
		4539595920EAF42E0040CB7F /* Main.storyboard */ = {
			isa = PBXVariantGroup;
			children = (
				4539595A20EAF42E0040CB7F /* Base */,
			);
			name = Main.storyboard;
			sourceTree = "<group>";
		};
		4539595E20EAF42F0040CB7F /* LaunchScreen.storyboard */ = {
			isa = PBXVariantGroup;
			children = (
				4539595F20EAF42F0040CB7F /* Base */,
			);
			name = LaunchScreen.storyboard;
			sourceTree = "<group>";
		};
/* End PBXVariantGroup section */

/* Begin XCBuildConfiguration section */
		4539597820EAF42F0040CB7F /* Debug */ = {
			isa = XCBuildConfiguration;
			buildSettings = {
				ALWAYS_SEARCH_USER_PATHS = NO;
				CLANG_ANALYZER_NONNULL = YES;
				CLANG_ANALYZER_NUMBER_OBJECT_CONVERSION = YES_AGGRESSIVE;
				CLANG_CXX_LANGUAGE_STANDARD = "gnu++14";
				CLANG_CXX_LIBRARY = "libc++";
				CLANG_ENABLE_MODULES = YES;
				CLANG_ENABLE_OBJC_ARC = YES;
				CLANG_ENABLE_OBJC_WEAK = YES;
				CLANG_WARN_BLOCK_CAPTURE_AUTORELEASING = YES;
				CLANG_WARN_BOOL_CONVERSION = YES;
				CLANG_WARN_COMMA = YES;
				CLANG_WARN_CONSTANT_CONVERSION = YES;
				CLANG_WARN_DEPRECATED_OBJC_IMPLEMENTATIONS = YES;
				CLANG_WARN_DIRECT_OBJC_ISA_USAGE = YES_ERROR;
				CLANG_WARN_DOCUMENTATION_COMMENTS = YES;
				CLANG_WARN_EMPTY_BODY = YES;
				CLANG_WARN_ENUM_CONVERSION = YES;
				CLANG_WARN_INFINITE_RECURSION = YES;
				CLANG_WARN_INT_CONVERSION = YES;
				CLANG_WARN_NON_LITERAL_NULL_CONVERSION = YES;
				CLANG_WARN_OBJC_IMPLICIT_RETAIN_SELF = YES;
				CLANG_WARN_OBJC_LITERAL_CONVERSION = YES;
				CLANG_WARN_OBJC_ROOT_CLASS = YES_ERROR;
				CLANG_WARN_RANGE_LOOP_ANALYSIS = YES;
				CLANG_WARN_STRICT_PROTOTYPES = YES;
				CLANG_WARN_SUSPICIOUS_MOVE = YES;
				CLANG_WARN_UNGUARDED_AVAILABILITY = YES_AGGRESSIVE;
				CLANG_WARN_UNREACHABLE_CODE = YES;
				CLANG_WARN__DUPLICATE_METHOD_MATCH = YES;
				CODE_SIGN_IDENTITY = "iPhone Developer";
				COPY_PHASE_STRIP = NO;
				DEBUG_INFORMATION_FORMAT = dwarf;
				ENABLE_STRICT_OBJC_MSGSEND = YES;
				ENABLE_TESTABILITY = YES;
				GCC_C_LANGUAGE_STANDARD = gnu11;
				GCC_DYNAMIC_NO_PIC = NO;
				GCC_NO_COMMON_BLOCKS = YES;
				GCC_OPTIMIZATION_LEVEL = 0;
				GCC_PREPROCESSOR_DEFINITIONS = (
					"DEBUG=1",
					"$(inherited)",
				);
				GCC_WARN_64_TO_32_BIT_CONVERSION = YES;
				GCC_WARN_ABOUT_RETURN_TYPE = YES_ERROR;
				GCC_WARN_UNDECLARED_SELECTOR = YES;
				GCC_WARN_UNINITIALIZED_AUTOS = YES_AGGRESSIVE;
				GCC_WARN_UNUSED_FUNCTION = YES;
				GCC_WARN_UNUSED_VARIABLE = YES;
				IPHONEOS_DEPLOYMENT_TARGET = 11.4;
				MTL_ENABLE_DEBUG_INFO = YES;
				ONLY_ACTIVE_ARCH = YES;
				SDKROOT = iphoneos;
				SWIFT_ACTIVE_COMPILATION_CONDITIONS = DEBUG;
				SWIFT_OPTIMIZATION_LEVEL = "-Onone";
			};
			name = Debug;
		};
		4539597920EAF42F0040CB7F /* Release */ = {
			isa = XCBuildConfiguration;
			buildSettings = {
				ALWAYS_SEARCH_USER_PATHS = NO;
				CLANG_ANALYZER_NONNULL = YES;
				CLANG_ANALYZER_NUMBER_OBJECT_CONVERSION = YES_AGGRESSIVE;
				CLANG_CXX_LANGUAGE_STANDARD = "gnu++14";
				CLANG_CXX_LIBRARY = "libc++";
				CLANG_ENABLE_MODULES = YES;
				CLANG_ENABLE_OBJC_ARC = YES;
				CLANG_ENABLE_OBJC_WEAK = YES;
				CLANG_WARN_BLOCK_CAPTURE_AUTORELEASING = YES;
				CLANG_WARN_BOOL_CONVERSION = YES;
				CLANG_WARN_COMMA = YES;
				CLANG_WARN_CONSTANT_CONVERSION = YES;
				CLANG_WARN_DEPRECATED_OBJC_IMPLEMENTATIONS = YES;
				CLANG_WARN_DIRECT_OBJC_ISA_USAGE = YES_ERROR;
				CLANG_WARN_DOCUMENTATION_COMMENTS = YES;
				CLANG_WARN_EMPTY_BODY = YES;
				CLANG_WARN_ENUM_CONVERSION = YES;
				CLANG_WARN_INFINITE_RECURSION = YES;
				CLANG_WARN_INT_CONVERSION = YES;
				CLANG_WARN_NON_LITERAL_NULL_CONVERSION = YES;
				CLANG_WARN_OBJC_IMPLICIT_RETAIN_SELF = YES;
				CLANG_WARN_OBJC_LITERAL_CONVERSION = YES;
				CLANG_WARN_OBJC_ROOT_CLASS = YES_ERROR;
				CLANG_WARN_RANGE_LOOP_ANALYSIS = YES;
				CLANG_WARN_STRICT_PROTOTYPES = YES;
				CLANG_WARN_SUSPICIOUS_MOVE = YES;
				CLANG_WARN_UNGUARDED_AVAILABILITY = YES_AGGRESSIVE;
				CLANG_WARN_UNREACHABLE_CODE = YES;
				CLANG_WARN__DUPLICATE_METHOD_MATCH = YES;
				CODE_SIGN_IDENTITY = "iPhone Developer";
				COPY_PHASE_STRIP = NO;
				DEBUG_INFORMATION_FORMAT = "dwarf-with-dsym";
				ENABLE_NS_ASSERTIONS = NO;
				ENABLE_STRICT_OBJC_MSGSEND = YES;
				GCC_C_LANGUAGE_STANDARD = gnu11;
				GCC_NO_COMMON_BLOCKS = YES;
				GCC_WARN_64_TO_32_BIT_CONVERSION = YES;
				GCC_WARN_ABOUT_RETURN_TYPE = YES_ERROR;
				GCC_WARN_UNDECLARED_SELECTOR = YES;
				GCC_WARN_UNINITIALIZED_AUTOS = YES_AGGRESSIVE;
				GCC_WARN_UNUSED_FUNCTION = YES;
				GCC_WARN_UNUSED_VARIABLE = YES;
				IPHONEOS_DEPLOYMENT_TARGET = 11.4;
				MTL_ENABLE_DEBUG_INFO = NO;
				SDKROOT = iphoneos;
				SWIFT_COMPILATION_MODE = wholemodule;
				SWIFT_OPTIMIZATION_LEVEL = "-O";
				VALIDATE_PRODUCT = YES;
			};
			name = Release;
		};
		4539597B20EAF42F0040CB7F /* Debug */ = {
			isa = XCBuildConfiguration;
			buildSettings = {
				ASSETCATALOG_COMPILER_APPICON_NAME = AppIcon;
				CODE_SIGN_STYLE = Automatic;
				INFOPLIST_FILE = Features/Info.plist;
				LD_RUNPATH_SEARCH_PATHS = (
					"$(inherited)",
					"@executable_path/Frameworks",
				);
				PRODUCT_BUNDLE_IDENTIFIER = com.URInternational.Features;
				PRODUCT_NAME = "$(TARGET_NAME)";
				SWIFT_VERSION = 4.0;
				TARGETED_DEVICE_FAMILY = "1,2";
			};
			name = Debug;
		};
		4539597C20EAF42F0040CB7F /* Release */ = {
			isa = XCBuildConfiguration;
			buildSettings = {
				ASSETCATALOG_COMPILER_APPICON_NAME = AppIcon;
				CODE_SIGN_STYLE = Automatic;
				INFOPLIST_FILE = Features/Info.plist;
				LD_RUNPATH_SEARCH_PATHS = (
					"$(inherited)",
					"@executable_path/Frameworks",
				);
				PRODUCT_BUNDLE_IDENTIFIER = com.URInternational.Features;
				PRODUCT_NAME = "$(TARGET_NAME)";
				SWIFT_VERSION = 4.0;
				TARGETED_DEVICE_FAMILY = "1,2";
			};
			name = Release;
		};
		4539597E20EAF42F0040CB7F /* Debug */ = {
			isa = XCBuildConfiguration;
			buildSettings = {
				ALWAYS_EMBED_SWIFT_STANDARD_LIBRARIES = YES;
				BUNDLE_LOADER = "$(TEST_HOST)";
				CODE_SIGN_STYLE = Automatic;
				INFOPLIST_FILE = FeaturesTests/Info.plist;
				LD_RUNPATH_SEARCH_PATHS = (
					"$(inherited)",
					"@executable_path/Frameworks",
					"@loader_path/Frameworks",
				);
				PRODUCT_BUNDLE_IDENTIFIER = com.URInternational.FeaturesTests;
				PRODUCT_NAME = "$(TARGET_NAME)";
				SWIFT_VERSION = 4.0;
				TARGETED_DEVICE_FAMILY = "1,2";
				TEST_HOST = "$(BUILT_PRODUCTS_DIR)/Features.app/Features";
			};
			name = Debug;
		};
		4539597F20EAF42F0040CB7F /* Release */ = {
			isa = XCBuildConfiguration;
			buildSettings = {
				ALWAYS_EMBED_SWIFT_STANDARD_LIBRARIES = YES;
				BUNDLE_LOADER = "$(TEST_HOST)";
				CODE_SIGN_STYLE = Automatic;
				INFOPLIST_FILE = FeaturesTests/Info.plist;
				LD_RUNPATH_SEARCH_PATHS = (
					"$(inherited)",
					"@executable_path/Frameworks",
					"@loader_path/Frameworks",
				);
				PRODUCT_BUNDLE_IDENTIFIER = com.URInternational.FeaturesTests;
				PRODUCT_NAME = "$(TARGET_NAME)";
				SWIFT_VERSION = 4.0;
				TARGETED_DEVICE_FAMILY = "1,2";
				TEST_HOST = "$(BUILT_PRODUCTS_DIR)/Features.app/Features";
			};
			name = Release;
		};
		4539598120EAF42F0040CB7F /* Debug */ = {
			isa = XCBuildConfiguration;
			buildSettings = {
				ALWAYS_EMBED_SWIFT_STANDARD_LIBRARIES = YES;
				CODE_SIGN_STYLE = Automatic;
				INFOPLIST_FILE = FeaturesUITests/Info.plist;
				LD_RUNPATH_SEARCH_PATHS = (
					"$(inherited)",
					"@executable_path/Frameworks",
					"@loader_path/Frameworks",
				);
				PRODUCT_BUNDLE_IDENTIFIER = com.URInternational.FeaturesUITests;
				PRODUCT_NAME = "$(TARGET_NAME)";
				SWIFT_VERSION = 4.0;
				TARGETED_DEVICE_FAMILY = "1,2";
				TEST_TARGET_NAME = Features;
			};
			name = Debug;
		};
		4539598220EAF42F0040CB7F /* Release */ = {
			isa = XCBuildConfiguration;
			buildSettings = {
				ALWAYS_EMBED_SWIFT_STANDARD_LIBRARIES = YES;
				CODE_SIGN_STYLE = Automatic;
				INFOPLIST_FILE = FeaturesUITests/Info.plist;
				LD_RUNPATH_SEARCH_PATHS = (
					"$(inherited)",
					"@executable_path/Frameworks",
					"@loader_path/Frameworks",
				);
				PRODUCT_BUNDLE_IDENTIFIER = com.URInternational.FeaturesUITests;
				PRODUCT_NAME = "$(TARGET_NAME)";
				SWIFT_VERSION = 4.0;
				TARGETED_DEVICE_FAMILY = "1,2";
				TEST_TARGET_NAME = Features;
			};
			name = Release;
		};
/* End XCBuildConfiguration section */

/* Begin XCConfigurationList section */
		4539594D20EAF42E0040CB7F /* Build configuration list for PBXProject "Features" */ = {
			isa = XCConfigurationList;
			buildConfigurations = (
				4539597820EAF42F0040CB7F /* Debug */,
				4539597920EAF42F0040CB7F /* Release */,
			);
			defaultConfigurationIsVisible = 0;
			defaultConfigurationName = Release;
		};
		4539597A20EAF42F0040CB7F /* Build configuration list for PBXNativeTarget "Features" */ = {
			isa = XCConfigurationList;
			buildConfigurations = (
				4539597B20EAF42F0040CB7F /* Debug */,
				4539597C20EAF42F0040CB7F /* Release */,
			);
			defaultConfigurationIsVisible = 0;
			defaultConfigurationName = Release;
		};
		4539597D20EAF42F0040CB7F /* Build configuration list for PBXNativeTarget "FeaturesTests" */ = {
			isa = XCConfigurationList;
			buildConfigurations = (
				4539597E20EAF42F0040CB7F /* Debug */,
				4539597F20EAF42F0040CB7F /* Release */,
			);
			defaultConfigurationIsVisible = 0;
			defaultConfigurationName = Release;
		};
		4539598020EAF42F0040CB7F /* Build configuration list for PBXNativeTarget "FeaturesUITests" */ = {
			isa = XCConfigurationList;
			buildConfigurations = (
				4539598120EAF42F0040CB7F /* Debug */,
				4539598220EAF42F0040CB7F /* Release */,
			);
			defaultConfigurationIsVisible = 0;
			defaultConfigurationName = Release;
		};
/* End XCConfigurationList section */
	};
	rootObject = 4539594A20EAF42E0040CB7F /* Project object */;
}
